
Microsoft Visual Studio Solution File, Format Version 12.00
# Visual Studio Version 17
VisualStudioVersion = 17.11.35222.181
MinimumVisualStudioVersion = 10.0.40219.1
Project("{9A19103F-16F7-4668-BE54-9A1E7A4F7556}") = "FitForge.Abstractions", "FitForge.Abstractions\FitForge.Abstractions.csproj", "{39D7BEBD-79AD-4B77-A48B-FF841C3E9830}"
EndProject
Project("{9A19103F-16F7-4668-BE54-9A1E7A4F7556}") = "FitForge.Services", "FitForge.Services\FitForge.Services.csproj", "{89AC3AD2-BED9-4CEE-8D5C-3DE8DF1BDF04}"
EndProject
Project("{9A19103F-16F7-4668-BE54-9A1E7A4F7556}") = "FitForge.Domain", "FitForge.Domain\FitForge.Domain.csproj", "{A830BA34-CE19-4A07-8D56-3428037B4772}"
EndProject
Project("{9A19103F-16F7-4668-BE54-9A1E7A4F7556}") = "FitForge.Login", "FitForge.Login\FitForge.Login.csproj", "{C42F0A35-91CC-4D21-8CFA-ADEACEC42A3A}"
EndProject
Project("{9A19103F-16F7-4668-BE54-9A1E7A4F7556}") = "FitForge.Data", "FitForge.Data\FitForge.Data.csproj", "{737884B6-0044-4FC2-BF8F-768D7B14FF54}"
EndProject
Global
	GlobalSection(SolutionConfigurationPlatforms) = preSolution
		Debug|Any CPU = Debug|Any CPU
		Release|Any CPU = Release|Any CPU
	EndGlobalSection
	GlobalSection(ProjectConfigurationPlatforms) = postSolution
		{39D7BEBD-79AD-4B77-A48B-FF841C3E9830}.Debug|Any CPU.ActiveCfg = Debug|Any CPU
		{39D7BEBD-79AD-4B77-A48B-FF841C3E9830}.Debug|Any CPU.Build.0 = Debug|Any CPU
		{39D7BEBD-79AD-4B77-A48B-FF841C3E9830}.Release|Any CPU.ActiveCfg = Release|Any CPU
		{39D7BEBD-79AD-4B77-A48B-FF841C3E9830}.Release|Any CPU.Build.0 = Release|Any CPU
		{89AC3AD2-BED9-4CEE-8D5C-3DE8DF1BDF04}.Debug|Any CPU.ActiveCfg = Debug|Any CPU
		{89AC3AD2-BED9-4CEE-8D5C-3DE8DF1BDF04}.Debug|Any CPU.Build.0 = Debug|Any CPU
		{89AC3AD2-BED9-4CEE-8D5C-3DE8DF1BDF04}.Release|Any CPU.ActiveCfg = Release|Any CPU
		{89AC3AD2-BED9-4CEE-8D5C-3DE8DF1BDF04}.Release|Any CPU.Build.0 = Release|Any CPU
		{A830BA34-CE19-4A07-8D56-3428037B4772}.Debug|Any CPU.ActiveCfg = Debug|Any CPU
		{A830BA34-CE19-4A07-8D56-3428037B4772}.Debug|Any CPU.Build.0 = Debug|Any CPU
		{A830BA34-CE19-4A07-8D56-3428037B4772}.Release|Any CPU.ActiveCfg = Release|Any CPU
		{A830BA34-CE19-4A07-8D56-3428037B4772}.Release|Any CPU.Build.0 = Release|Any CPU
		{C42F0A35-91CC-4D21-8CFA-ADEACEC42A3A}.Debug|Any CPU.ActiveCfg = Debug|Any CPU
		{C42F0A35-91CC-4D21-8CFA-ADEACEC42A3A}.Debug|Any CPU.Build.0 = Debug|Any CPU
		{C42F0A35-91CC-4D21-8CFA-ADEACEC42A3A}.Release|Any CPU.ActiveCfg = Release|Any CPU
		{C42F0A35-91CC-4D21-8CFA-ADEACEC42A3A}.Release|Any CPU.Build.0 = Release|Any CPU
		{737884B6-0044-4FC2-BF8F-768D7B14FF54}.Debug|Any CPU.ActiveCfg = Debug|Any CPU
		{737884B6-0044-4FC2-BF8F-768D7B14FF54}.Debug|Any CPU.Build.0 = Debug|Any CPU
		{737884B6-0044-4FC2-BF8F-768D7B14FF54}.Release|Any CPU.ActiveCfg = Release|Any CPU
		{737884B6-0044-4FC2-BF8F-768D7B14FF54}.Release|Any CPU.Build.0 = Release|Any CPU
	EndGlobalSection
	GlobalSection(SolutionProperties) = preSolution
		HideSolutionNode = FALSE
	EndGlobalSection
	GlobalSection(ExtensibilityGlobals) = postSolution
		SolutionGuid = {0AAF6B3E-F02D-4CEC-ABFD-AED054EDB17C}
	EndGlobalSection
EndGlobal
